
Microsoft Visual Studio Solution File, Format Version 12.00
# Visual Studio Version 17
VisualStudioVersion = 17.9.34714.143
MinimumVisualStudioVersion = 10.0.40219.1
Project("{FAE04EC0-301F-11D3-BF4B-00C04F79EFBC}") = "Staff Management", "Staff Management\Staff Management.csproj", "{BDB3C923-9B10-48E0-B6DA-584629A09E2B}"
EndProject
Global
	GlobalSection(SolutionConfigurationPlatforms) = preSolution
		Debug|Any CPU = Debug|Any CPU
		Release|Any CPU = Release|Any CPU
	EndGlobalSection
	GlobalSection(ProjectConfigurationPlatforms) = postSolution
		{BDB3C923-9B10-48E0-B6DA-584629A09E2B}.Debug|Any CPU.ActiveCfg = Debug|Any CPU
		{BDB3C923-9B10-48E0-B6DA-584629A09E2B}.Debug|Any CPU.Build.0 = Debug|Any CPU
		{BDB3C923-9B10-48E0-B6DA-584629A09E2B}.Release|Any CPU.ActiveCfg = Release|Any CPU
		{BDB3C923-9B10-48E0-B6DA-584629A09E2B}.Release|Any CPU.Build.0 = Release|Any CPU
	EndGlobalSection
	GlobalSection(SolutionProperties) = preSolution
		HideSolutionNode = FALSE
	EndGlobalSection
	GlobalSection(ExtensibilityGlobals) = postSolution
		SolutionGuid = {465CD606-9D0E-4B55-91D0-798ECA34C0C5}
	EndGlobalSection
EndGlobal
